
Microsoft Visual Studio Solution File, Format Version 12.00
# Visual Studio Version 16
VisualStudioVersion = 16.0.31702.278
MinimumVisualStudioVersion = 10.0.40219.1
Project("{FAE04EC0-301F-11D3-BF4B-00C04F79EFBC}") = "AR-VE_M", "AR-VE_M.csproj", "{58039AB7-BB60-468A-94BA-097DFF9732E8}"
EndProject
Global
	GlobalSection(SolutionConfigurationPlatforms) = preSolution
		Debug|Any CPU = Debug|Any CPU
		Release|Any CPU = Release|Any CPU
	EndGlobalSection
	GlobalSection(ProjectConfigurationPlatforms) = postSolution
		{58039AB7-BB60-468A-94BA-097DFF9732E8}.Debug|Any CPU.ActiveCfg = Debug|Any CPU
		{58039AB7-BB60-468A-94BA-097DFF9732E8}.Debug|Any CPU.Build.0 = Debug|Any CPU
		{58039AB7-BB60-468A-94BA-097DFF9732E8}.Release|Any CPU.ActiveCfg = Release|Any CPU
		{58039AB7-BB60-468A-94BA-097DFF9732E8}.Release|Any CPU.Build.0 = Release|Any CPU
	EndGlobalSection
	GlobalSection(SolutionProperties) = preSolution
		HideSolutionNode = FALSE
	EndGlobalSection
	GlobalSection(ExtensibilityGlobals) = postSolution
		SolutionGuid = {0C60752D-7159-4C20-9DEB-1A803E1A38D3}
	EndGlobalSection
EndGlobal
